// !$*UTF8*$!
{
	archiveVersion = 1;
	classes = {
	};
	objectVersion = 50;
	objects = {

/* Begin PBXBuildFile section */
		C70741292311FFE9000207D3 /* AppDelegate.swift in Sources */ = {isa = PBXBuildFile; fileRef = C70741282311FFE9000207D3 /* AppDelegate.swift */; };
		C707412B2311FFE9000207D3 /* SceneDelegate.swift in Sources */ = {isa = PBXBuildFile; fileRef = C707412A2311FFE9000207D3 /* SceneDelegate.swift */; };
		C707412E2311FFE9000207D3 /* testing_MachineLearningSwiftUI.xcdatamodeld in Sources */ = {isa = PBXBuildFile; fileRef = C707412C2311FFE9000207D3 /* testing_MachineLearningSwiftUI.xcdatamodeld */; };
		C70741302311FFE9000207D3 /* ContentView.swift in Sources */ = {isa = PBXBuildFile; fileRef = C707412F2311FFE9000207D3 /* ContentView.swift */; };
		C70741322311FFED000207D3 /* Assets.xcassets in Resources */ = {isa = PBXBuildFile; fileRef = C70741312311FFED000207D3 /* Assets.xcassets */; };
		C70741352311FFED000207D3 /* Preview Assets.xcassets in Resources */ = {isa = PBXBuildFile; fileRef = C70741342311FFED000207D3 /* Preview Assets.xcassets */; };
		C70741382311FFED000207D3 /* LaunchScreen.storyboard in Resources */ = {isa = PBXBuildFile; fileRef = C70741362311FFED000207D3 /* LaunchScreen.storyboard */; };
/* End PBXBuildFile section */

/* Begin PBXFileReference section */
		C70741252311FFE9000207D3 /* testing-MachineLearningSwiftUI.app */ = {isa = PBXFileReference; explicitFileType = wrapper.application; includeInIndex = 0; path = "testing-MachineLearningSwiftUI.app"; sourceTree = BUILT_PRODUCTS_DIR; };
		C70741282311FFE9000207D3 /* AppDelegate.swift */ = {isa = PBXFileReference; lastKnownFileType = sourcecode.swift; path = AppDelegate.swift; sourceTree = "<group>"; };
		C707412A2311FFE9000207D3 /* SceneDelegate.swift */ = {isa = PBXFileReference; lastKnownFileType = sourcecode.swift; path = SceneDelegate.swift; sourceTree = "<group>"; };
		C707412D2311FFE9000207D3 /* testing_MachineLearningSwiftUI.xcdatamodel */ = {isa = PBXFileReference; lastKnownFileType = wrapper.xcdatamodel; path = testing_MachineLearningSwiftUI.xcdatamodel; sourceTree = "<group>"; };
		C707412F2311FFE9000207D3 /* ContentView.swift */ = {isa = PBXFileReference; lastKnownFileType = sourcecode.swift; path = ContentView.swift; sourceTree = "<group>"; };
		C70741312311FFED000207D3 /* Assets.xcassets */ = {isa = PBXFileReference; lastKnownFileType = folder.assetcatalog; path = Assets.xcassets; sourceTree = "<group>"; };
		C70741342311FFED000207D3 /* Preview Assets.xcassets */ = {isa = PBXFileReference; lastKnownFileType = folder.assetcatalog; path = "Preview Assets.xcassets"; sourceTree = "<group>"; };
		C70741372311FFED000207D3 /* Base */ = {isa = PBXFileReference; lastKnownFileType = file.storyboard; name = Base; path = Base.lproj/LaunchScreen.storyboard; sourceTree = "<group>"; };
		C70741392311FFED000207D3 /* Info.plist */ = {isa = PBXFileReference; lastKnownFileType = text.plist.xml; path = Info.plist; sourceTree = "<group>"; };
/* End PBXFileReference section */

/* Begin PBXFrameworksBuildPhase section */
		C70741222311FFE9000207D3 /* Frameworks */ = {
			isa = PBXFrameworksBuildPhase;
			buildActionMask = 2147483647;
			files = (
			);
			runOnlyForDeploymentPostprocessing = 0;
		};
/* End PBXFrameworksBuildPhase section */

/* Begin PBXGroup section */
		C707411C2311FFE9000207D3 = {
			isa = PBXGroup;
			children = (
				C70741272311FFE9000207D3 /* testing-MachineLearningSwiftUI */,
				C70741262311FFE9000207D3 /* Products */,
			);
			sourceTree = "<group>";
		};
		C70741262311FFE9000207D3 /* Products */ = {
			isa = PBXGroup;
			children = (
				C70741252311FFE9000207D3 /* testing-MachineLearningSwiftUI.app */,
			);
			name = Products;
			sourceTree = "<group>";
		};
		C70741272311FFE9000207D3 /* testing-MachineLearningSwiftUI */ = {
			isa = PBXGroup;
			children = (
				C70741282311FFE9000207D3 /* AppDelegate.swift */,
				C707412A2311FFE9000207D3 /* SceneDelegate.swift */,
				C707412F2311FFE9000207D3 /* ContentView.swift */,
				C70741312311FFED000207D3 /* Assets.xcassets */,
				C70741362311FFED000207D3 /* LaunchScreen.storyboard */,
				C70741392311FFED000207D3 /* Info.plist */,
				C707412C2311FFE9000207D3 /* testing_MachineLearningSwiftUI.xcdatamodeld */,
				C70741332311FFED000207D3 /* Preview Content */,
			);
			path = "testing-MachineLearningSwiftUI";
			sourceTree = "<group>";
		};
		C70741332311FFED000207D3 /* Preview Content */ = {
			isa = PBXGroup;
			children = (
				C70741342311FFED000207D3 /* Preview Assets.xcassets */,
			);
			path = "Preview Content";
			sourceTree = "<group>";
		};
/* End PBXGroup section */

/* Begin PBXNativeTarget section */
		C70741242311FFE9000207D3 /* testing-MachineLearningSwiftUI */ = {
			isa = PBXNativeTarget;
			buildConfigurationList = C707413C2311FFED000207D3 /* Build configuration list for PBXNativeTarget "testing-MachineLearningSwiftUI" */;
			buildPhases = (
				C70741212311FFE9000207D3 /* Sources */,
				C70741222311FFE9000207D3 /* Frameworks */,
				C70741232311FFE9000207D3 /* Resources */,
			);
			buildRules = (
			);
			dependencies = (
			);
			name = "testing-MachineLearningSwiftUI";
			productName = "testing-MachineLearningSwiftUI";
			productReference = C70741252311FFE9000207D3 /* testing-MachineLearningSwiftUI.app */;
			productType = "com.apple.product-type.application";
		};
/* End PBXNativeTarget section */

/* Begin PBXProject section */
		C707411D2311FFE9000207D3 /* Project object */ = {
			isa = PBXProject;
			attributes = {
				LastSwiftUpdateCheck = 1100;
				LastUpgradeCheck = 1100;
				ORGANIZATIONNAME = "Diego Salazar Arp";
				TargetAttributes = {
					C70741242311FFE9000207D3 = {
						CreatedOnToolsVersion = 11.0;
					};
				};
			};
			buildConfigurationList = C70741202311FFE9000207D3 /* Build configuration list for PBXProject "testing-MachineLearningSwiftUI" */;
			compatibilityVersion = "Xcode 9.3";
			developmentRegion = en;
			hasScannedForEncodings = 0;
			knownRegions = (
				en,
				Base,
			);
			mainGroup = C707411C2311FFE9000207D3;
			productRefGroup = C70741262311FFE9000207D3 /* Products */;
			projectDirPath = "";
			projectRoot = "";
			targets = (
				C70741242311FFE9000207D3 /* testing-MachineLearningSwiftUI */,
			);
		};
/* End PBXProject section */

/* Begin PBXResourcesBuildPhase section */
		C70741232311FFE9000207D3 /* Resources */ = {
			isa = PBXResourcesBuildPhase;
			buildActionMask = 2147483647;
			files = (
				C70741382311FFED000207D3 /* LaunchScreen.storyboard in Resources */,
				C70741352311FFED000207D3 /* Preview Assets.xcassets in Resources */,
				C70741322311FFED000207D3 /* Assets.xcassets in Resources */,
			);
			runOnlyForDeploymentPostprocessing = 0;
		};
/* End PBXResourcesBuildPhase section */

/* Begin PBXSourcesBuildPhase section */
		C70741212311FFE9000207D3 /* Sources */ = {
			isa = PBXSourcesBuildPhase;
			buildActionMask = 2147483647;
			files = (
				C70741292311FFE9000207D3 /* AppDelegate.swift in Sources */,
				C707412B2311FFE9000207D3 /* SceneDelegate.swift in Sources */,
				C70741302311FFE9000207D3 /* ContentView.swift in Sources */,
				C707412E2311FFE9000207D3 /* testing_MachineLearningSwiftUI.xcdatamodeld in Sources */,
			);
			runOnlyForDeploymentPostprocessing = 0;
		};
/* End PBXSourcesBuildPhase section */

/* Begin PBXVariantGroup section */
		C70741362311FFED000207D3 /* LaunchScreen.storyboard */ = {
			isa = PBXVariantGroup;
			children = (
				C70741372311FFED000207D3 /* Base */,
			);
			name = LaunchScreen.storyboard;
			sourceTree = "<group>";
		};
/* End PBXVariantGroup section */

/* Begin XCBuildConfiguration section */
		C707413A2311FFED000207D3 /* Debug */ = {
			isa = XCBuildConfiguration;
			buildSettings = {
				ALWAYS_SEARCH_USER_PATHS = NO;
				CLANG_ANALYZER_NONNULL = YES;
				CLANG_ANALYZER_NUMBER_OBJECT_CONVERSION = YES_AGGRESSIVE;
				CLANG_CXX_LANGUAGE_STANDARD = "gnu++14";
				CLANG_CXX_LIBRARY = "libc++";
				CLANG_ENABLE_MODULES = YES;
				CLANG_ENABLE_OBJC_ARC = YES;
				CLANG_ENABLE_OBJC_WEAK = YES;
				CLANG_WARN_BLOCK_CAPTURE_AUTORELEASING = YES;
				CLANG_WARN_BOOL_CONVERSION = YES;
				CLANG_WARN_COMMA = YES;
				CLANG_WARN_CONSTANT_CONVERSION = YES;
				CLANG_WARN_DEPRECATED_OBJC_IMPLEMENTATIONS = YES;
				CLANG_WARN_DIRECT_OBJC_ISA_USAGE = YES_ERROR;
				CLANG_WARN_DOCUMENTATION_COMMENTS = YES;
				CLANG_WARN_EMPTY_BODY = YES;
				CLANG_WARN_ENUM_CONVERSION = YES;
				CLANG_WARN_INFINITE_RECURSION = YES;
				CLANG_WARN_INT_CONVERSION = YES;
				CLANG_WARN_NON_LITERAL_NULL_CONVERSION = YES;
				CLANG_WARN_OBJC_IMPLICIT_RETAIN_SELF = YES;
				CLANG_WARN_OBJC_LITERAL_CONVERSION = YES;
				CLANG_WARN_OBJC_ROOT_CLASS = YES_ERROR;
				CLANG_WARN_RANGE_LOOP_ANALYSIS = YES;
				CLANG_WARN_STRICT_PROTOTYPES = YES;
				CLANG_WARN_SUSPICIOUS_MOVE = YES;
				CLANG_WARN_UNGUARDED_AVAILABILITY = YES_AGGRESSIVE;
				CLANG_WARN_UNREACHABLE_CODE = YES;
				CLANG_WARN__DUPLICATE_METHOD_MATCH = YES;
				COPY_PHASE_STRIP = NO;
				DEBUG_INFORMATION_FORMAT = dwarf;
				ENABLE_STRICT_OBJC_MSGSEND = YES;
				ENABLE_TESTABILITY = YES;
				GCC_C_LANGUAGE_STANDARD = gnu11;
				GCC_DYNAMIC_NO_PIC = NO;
				GCC_NO_COMMON_BLOCKS = YES;
				GCC_OPTIMIZATION_LEVEL = 0;
				GCC_PREPROCESSOR_DEFINITIONS = (
					"DEBUG=1",
					"$(inherited)",
				);
				GCC_WARN_64_TO_32_BIT_CONVERSION = YES;
				GCC_WARN_ABOUT_RETURN_TYPE = YES_ERROR;
				GCC_WARN_UNDECLARED_SELECTOR = YES;
				GCC_WARN_UNINITIALIZED_AUTOS = YES_AGGRESSIVE;
				GCC_WARN_UNUSED_FUNCTION = YES;
				GCC_WARN_UNUSED_VARIABLE = YES;
				IPHONEOS_DEPLOYMENT_TARGET = 13.0;
				MTL_ENABLE_DEBUG_INFO = INCLUDE_SOURCE;
				MTL_FAST_MATH = YES;
				ONLY_ACTIVE_ARCH = YES;
				SDKROOT = iphoneos;
				SWIFT_ACTIVE_COMPILATION_CONDITIONS = DEBUG;
				SWIFT_OPTIMIZATION_LEVEL = "-Onone";
			};
			name = Debug;
		};
		C707413B2311FFED000207D3 /* Release */ = {
			isa = XCBuildConfiguration;
			buildSettings = {
				ALWAYS_SEARCH_USER_PATHS = NO;
				CLANG_ANALYZER_NONNULL = YES;
				CLANG_ANALYZER_NUMBER_OBJECT_CONVERSION = YES_AGGRESSIVE;
				CLANG_CXX_LANGUAGE_STANDARD = "gnu++14";
				CLANG_CXX_LIBRARY = "libc++";
				CLANG_ENABLE_MODULES = YES;
				CLANG_ENABLE_OBJC_ARC = YES;
				CLANG_ENABLE_OBJC_WEAK = YES;
				CLANG_WARN_BLOCK_CAPTURE_AUTORELEASING = YES;
				CLANG_WARN_BOOL_CONVERSION = YES;
				CLANG_WARN_COMMA = YES;
				CLANG_WARN_CONSTANT_CONVERSION = YES;
				CLANG_WARN_DEPRECATED_OBJC_IMPLEMENTATIONS = YES;
				CLANG_WARN_DIRECT_OBJC_ISA_USAGE = YES_ERROR;
				CLANG_WARN_DOCUMENTATION_COMMENTS = YES;
				CLANG_WARN_EMPTY_BODY = YES;
				CLANG_WARN_ENUM_CONVERSION = YES;
				CLANG_WARN_INFINITE_RECURSION = YES;
				CLANG_WARN_INT_CONVERSION = YES;
				CLANG_WARN_NON_LITERAL_NULL_CONVERSION = YES;
				CLANG_WARN_OBJC_IMPLICIT_RETAIN_SELF = YES;
				CLANG_WARN_OBJC_LITERAL_CONVERSION = YES;
				CLANG_WARN_OBJC_ROOT_CLASS = YES_ERROR;
				CLANG_WARN_RANGE_LOOP_ANALYSIS = YES;
				CLANG_WARN_STRICT_PROTOTYPES = YES;
				CLANG_WARN_SUSPICIOUS_MOVE = YES;
				CLANG_WARN_UNGUARDED_AVAILABILITY = YES_AGGRESSIVE;
				CLANG_WARN_UNREACHABLE_CODE = YES;
				CLANG_WARN__DUPLICATE_METHOD_MATCH = YES;
				COPY_PHASE_STRIP = NO;
				DEBUG_INFORMATION_FORMAT = "dwarf-with-dsym";
				ENABLE_NS_ASSERTIONS = NO;
				ENABLE_STRICT_OBJC_MSGSEND = YES;
				GCC_C_LANGUAGE_STANDARD = gnu11;
				GCC_NO_COMMON_BLOCKS = YES;
				GCC_WARN_64_TO_32_BIT_CONVERSION = YES;
				GCC_WARN_ABOUT_RETURN_TYPE = YES_ERROR;
				GCC_WARN_UNDECLARED_SELECTOR = YES;
				GCC_WARN_UNINITIALIZED_AUTOS = YES_AGGRESSIVE;
				GCC_WARN_UNUSED_FUNCTION = YES;
				GCC_WARN_UNUSED_VARIABLE = YES;
				IPHONEOS_DEPLOYMENT_TARGET = 13.0;
				MTL_ENABLE_DEBUG_INFO = NO;
				MTL_FAST_MATH = YES;
				SDKROOT = iphoneos;
				SWIFT_COMPILATION_MODE = wholemodule;
				SWIFT_OPTIMIZATION_LEVEL = "-O";
				VALIDATE_PRODUCT = YES;
			};
			name = Release;
		};
		C707413D2311FFED000207D3 /* Debug */ = {
			isa = XCBuildConfiguration;
			buildSettings = {
				ASSETCATALOG_COMPILER_APPICON_NAME = AppIcon;
				CODE_SIGN_STYLE = Automatic;
				DEVELOPMENT_ASSET_PATHS = "testing-MachineLearningSwiftUI/Preview\\ Content";
				DEVELOPMENT_TEAM = 896ZJ48GLN;
				ENABLE_PREVIEWS = YES;
				INFOPLIST_FILE = "testing-MachineLearningSwiftUI/Info.plist";
				LD_RUNPATH_SEARCH_PATHS = (
					"$(inherited)",
					"@executable_path/Frameworks",
				);
				PRODUCT_BUNDLE_IDENTIFIER = "Darp-Dev.testing-MachineLearningSwiftUI";
				PRODUCT_NAME = "$(TARGET_NAME)";
				SWIFT_VERSION = 5.0;
				TARGETED_DEVICE_FAMILY = "1,2";
			};
			name = Debug;
		};
		C707413E2311FFED000207D3 /* Release */ = {
			isa = XCBuildConfiguration;
			buildSettings = {
				ASSETCATALOG_COMPILER_APPICON_NAME = AppIcon;
				CODE_SIGN_STYLE = Automatic;
				DEVELOPMENT_ASSET_PATHS = "testing-MachineLearningSwiftUI/Preview\\ Content";
				DEVELOPMENT_TEAM = 896ZJ48GLN;
				ENABLE_PREVIEWS = YES;
				INFOPLIST_FILE = "testing-MachineLearningSwiftUI/Info.plist";
				LD_RUNPATH_SEARCH_PATHS = (
					"$(inherited)",
					"@executable_path/Frameworks",
				);
				PRODUCT_BUNDLE_IDENTIFIER = "Darp-Dev.testing-MachineLearningSwiftUI";
				PRODUCT_NAME = "$(TARGET_NAME)";
				SWIFT_VERSION = 5.0;
				TARGETED_DEVICE_FAMILY = "1,2";
			};
			name = Release;
		};
/* End XCBuildConfiguration section */

/* Begin XCConfigurationList section */
		C70741202311FFE9000207D3 /* Build configuration list for PBXProject "testing-MachineLearningSwiftUI" */ = {
			isa = XCConfigurationList;
			buildConfigurations = (
				C707413A2311FFED000207D3 /* Debug */,
				C707413B2311FFED000207D3 /* Release */,
			);
			defaultConfigurationIsVisible = 0;
			defaultConfigurationName = Release;
		};
		C707413C2311FFED000207D3 /* Build configuration list for PBXNativeTarget "testing-MachineLearningSwiftUI" */ = {
			isa = XCConfigurationList;
			buildConfigurations = (
				C707413D2311FFED000207D3 /* Debug */,
				C707413E2311FFED000207D3 /* Release */,
			);
			defaultConfigurationIsVisible = 0;
			defaultConfigurationName = Release;
		};
/* End XCConfigurationList section */

/* Begin XCVersionGroup section */
		C707412C2311FFE9000207D3 /* testing_MachineLearningSwiftUI.xcdatamodeld */ = {
			isa = XCVersionGroup;
			children = (
				C707412D2311FFE9000207D3 /* testing_MachineLearningSwiftUI.xcdatamodel */,
			);
			currentVersion = C707412D2311FFE9000207D3 /* testing_MachineLearningSwiftUI.xcdatamodel */;
			path = testing_MachineLearningSwiftUI.xcdatamodeld;
			sourceTree = "<group>";
			versionGroupType = wrapper.xcdatamodel;
		};
/* End XCVersionGroup section */
	};
	rootObject = C707411D2311FFE9000207D3 /* Project object */;
}
